// !$*UTF8*$!
{
	archiveVersion = 1;
	classes = {
	};
	objectVersion = 46;
	objects = {

/* Begin PBXBuildFile section */
		62CF272E1D2AB3C50016198B /* AppDelegate.swift in Sources */ = {isa = PBXBuildFile; fileRef = 62CF272D1D2AB3C50016198B /* AppDelegate.swift */; };
		62CF27351D2AB3C50016198B /* Assets.xcassets in Resources */ = {isa = PBXBuildFile; fileRef = 62CF27341D2AB3C50016198B /* Assets.xcassets */; };
		62CF27381D2AB3C50016198B /* LaunchScreen.storyboard in Resources */ = {isa = PBXBuildFile; fileRef = 62CF27361D2AB3C50016198B /* LaunchScreen.storyboard */; };
		62CF27441D2AB5880016198B /* Verbose.storyboard in Resources */ = {isa = PBXBuildFile; fileRef = 62CF27431D2AB5880016198B /* Verbose.storyboard */; };
		62CF27471D2AE44F0016198B /* LoginTextField.swift in Sources */ = {isa = PBXBuildFile; fileRef = 62CF27461D2AE44F0016198B /* LoginTextField.swift */; };
		62CF27491D2AE7C00016198B /* VerboseLoginViewController.swift in Sources */ = {isa = PBXBuildFile; fileRef = 62CF27481D2AE7C00016198B /* VerboseLoginViewController.swift */; };
		E515E857DD531593623C0609 /* Pods_Login.framework in Frameworks */ = {isa = PBXBuildFile; fileRef = D0FE14C72D849EBBD9141074 /* Pods_Login.framework */; };
/* End PBXBuildFile section */

/* Begin PBXFileReference section */
		62CF272A1D2AB3C50016198B /* Login.app */ = {isa = PBXFileReference; explicitFileType = wrapper.application; includeInIndex = 0; path = Login.app; sourceTree = BUILT_PRODUCTS_DIR; };
		62CF272D1D2AB3C50016198B /* AppDelegate.swift */ = {isa = PBXFileReference; lastKnownFileType = sourcecode.swift; path = AppDelegate.swift; sourceTree = "<group>"; };
		62CF27341D2AB3C50016198B /* Assets.xcassets */ = {isa = PBXFileReference; lastKnownFileType = folder.assetcatalog; path = Assets.xcassets; sourceTree = "<group>"; };
		62CF27371D2AB3C50016198B /* Base */ = {isa = PBXFileReference; lastKnownFileType = file.storyboard; name = Base; path = Base.lproj/LaunchScreen.storyboard; sourceTree = "<group>"; };
		62CF27391D2AB3C50016198B /* Info.plist */ = {isa = PBXFileReference; lastKnownFileType = text.plist.xml; path = Info.plist; sourceTree = "<group>"; };
		62CF27431D2AB5880016198B /* Verbose.storyboard */ = {isa = PBXFileReference; fileEncoding = 4; lastKnownFileType = file.storyboard; path = Verbose.storyboard; sourceTree = "<group>"; };
		62CF27461D2AE44F0016198B /* LoginTextField.swift */ = {isa = PBXFileReference; fileEncoding = 4; lastKnownFileType = sourcecode.swift; path = LoginTextField.swift; sourceTree = "<group>"; };
		62CF27481D2AE7C00016198B /* VerboseLoginViewController.swift */ = {isa = PBXFileReference; fileEncoding = 4; lastKnownFileType = sourcecode.swift; path = VerboseLoginViewController.swift; sourceTree = "<group>"; };
		8EA990D204F2042C163E79F0 /* Pods-Login.release.xcconfig */ = {isa = PBXFileReference; includeInIndex = 1; lastKnownFileType = text.xcconfig; name = "Pods-Login.release.xcconfig"; path = "Pods/Target Support Files/Pods-Login/Pods-Login.release.xcconfig"; sourceTree = "<group>"; };
		D0FE14C72D849EBBD9141074 /* Pods_Login.framework */ = {isa = PBXFileReference; explicitFileType = wrapper.framework; includeInIndex = 0; path = Pods_Login.framework; sourceTree = BUILT_PRODUCTS_DIR; };
		EB12ADDAABCF909D9F6332D6 /* Pods-Login.debug.xcconfig */ = {isa = PBXFileReference; includeInIndex = 1; lastKnownFileType = text.xcconfig; name = "Pods-Login.debug.xcconfig"; path = "Pods/Target Support Files/Pods-Login/Pods-Login.debug.xcconfig"; sourceTree = "<group>"; };
/* End PBXFileReference section */

/* Begin PBXFrameworksBuildPhase section */
		62CF27271D2AB3C50016198B /* Frameworks */ = {
			isa = PBXFrameworksBuildPhase;
			buildActionMask = 2147483647;
			files = (
				E515E857DD531593623C0609 /* Pods_Login.framework in Frameworks */,
			);
			runOnlyForDeploymentPostprocessing = 0;
		};
/* End PBXFrameworksBuildPhase section */

/* Begin PBXGroup section */
		5A4F0213FDD7D0DD9E21FF6A /* Pods */ = {
			isa = PBXGroup;
			children = (
				EB12ADDAABCF909D9F6332D6 /* Pods-Login.debug.xcconfig */,
				8EA990D204F2042C163E79F0 /* Pods-Login.release.xcconfig */,
			);
			name = Pods;
			sourceTree = "<group>";
		};
		62CF27211D2AB3C50016198B = {
			isa = PBXGroup;
			children = (
				62CF272C1D2AB3C50016198B /* Login */,
				62CF272B1D2AB3C50016198B /* Products */,
				5A4F0213FDD7D0DD9E21FF6A /* Pods */,
				E4FD91A67DC426ECDCB8C9CD /* Frameworks */,
			);
			sourceTree = "<group>";
		};
		62CF272B1D2AB3C50016198B /* Products */ = {
			isa = PBXGroup;
			children = (
				62CF272A1D2AB3C50016198B /* Login.app */,
			);
			name = Products;
			sourceTree = "<group>";
		};
		62CF272C1D2AB3C50016198B /* Login */ = {
			isa = PBXGroup;
			children = (
				62CF27451D2AE4320016198B /* Components */,
				62CF27411D2AB4650016198B /* Modules */,
				62CF27401D2AB3F20016198B /* Supporting Files */,
				62CF273F1D2AB3EE0016198B /* UI */,
				62CF272D1D2AB3C50016198B /* AppDelegate.swift */,
			);
			path = Login;
			sourceTree = "<group>";
		};
		62CF273F1D2AB3EE0016198B /* UI */ = {
			isa = PBXGroup;
			children = (
				62CF27341D2AB3C50016198B /* Assets.xcassets */,
				62CF27361D2AB3C50016198B /* LaunchScreen.storyboard */,
			);
			path = UI;
			sourceTree = "<group>";
		};
		62CF27401D2AB3F20016198B /* Supporting Files */ = {
			isa = PBXGroup;
			children = (
				62CF27391D2AB3C50016198B /* Info.plist */,
			);
			path = "Supporting Files";
			sourceTree = "<group>";
		};
		62CF27411D2AB4650016198B /* Modules */ = {
			isa = PBXGroup;
			children = (
				62CF27421D2AB46F0016198B /* Verbose  */,
			);
			path = Modules;
			sourceTree = "<group>";
		};
		62CF27421D2AB46F0016198B /* Verbose  */ = {
			isa = PBXGroup;
			children = (
				62CF27431D2AB5880016198B /* Verbose.storyboard */,
				62CF27481D2AE7C00016198B /* VerboseLoginViewController.swift */,
			);
			path = "Verbose ";
			sourceTree = "<group>";
		};
		62CF27451D2AE4320016198B /* Components */ = {
			isa = PBXGroup;
			children = (
				62CF27461D2AE44F0016198B /* LoginTextField.swift */,
			);
			name = Components;
			sourceTree = "<group>";
		};
		E4FD91A67DC426ECDCB8C9CD /* Frameworks */ = {
			isa = PBXGroup;
			children = (
				D0FE14C72D849EBBD9141074 /* Pods_Login.framework */,
			);
			name = Frameworks;
			sourceTree = "<group>";
		};
/* End PBXGroup section */

/* Begin PBXNativeTarget section */
		62CF27291D2AB3C50016198B /* Login */ = {
			isa = PBXNativeTarget;
			buildConfigurationList = 62CF273C1D2AB3C50016198B /* Build configuration list for PBXNativeTarget "Login" */;
			buildPhases = (
				03850CC3F0F1B384A738D3D3 /* [CP] Check Pods Manifest.lock */,
				62CF27261D2AB3C50016198B /* Sources */,
				62CF27271D2AB3C50016198B /* Frameworks */,
				62CF27281D2AB3C50016198B /* Resources */,
				674BA384465985542CFE6289 /* [CP] Embed Pods Frameworks */,
				59D0434AD3D3C12507568E94 /* [CP] Copy Pods Resources */,
			);
			buildRules = (
			);
			dependencies = (
			);
			name = Login;
			productName = Login;
			productReference = 62CF272A1D2AB3C50016198B /* Login.app */;
			productType = "com.apple.product-type.application";
		};
/* End PBXNativeTarget section */

/* Begin PBXProject section */
		62CF27221D2AB3C50016198B /* Project object */ = {
			isa = PBXProject;
			attributes = {
				LastSwiftUpdateCheck = 0730;
				LastUpgradeCheck = 0730;
				ORGANIZATIONNAME = iCapps;
				TargetAttributes = {
					62CF27291D2AB3C50016198B = {
						CreatedOnToolsVersion = 7.3.1;
					};
				};
			};
			buildConfigurationList = 62CF27251D2AB3C50016198B /* Build configuration list for PBXProject "Login" */;
			compatibilityVersion = "Xcode 3.2";
			developmentRegion = English;
			hasScannedForEncodings = 0;
			knownRegions = (
				en,
				Base,
			);
			mainGroup = 62CF27211D2AB3C50016198B;
			productRefGroup = 62CF272B1D2AB3C50016198B /* Products */;
			projectDirPath = "";
			projectRoot = "";
			targets = (
				62CF27291D2AB3C50016198B /* Login */,
			);
		};
/* End PBXProject section */

/* Begin PBXResourcesBuildPhase section */
		62CF27281D2AB3C50016198B /* Resources */ = {
			isa = PBXResourcesBuildPhase;
			buildActionMask = 2147483647;
			files = (
				62CF27441D2AB5880016198B /* Verbose.storyboard in Resources */,
				62CF27381D2AB3C50016198B /* LaunchScreen.storyboard in Resources */,
				62CF27351D2AB3C50016198B /* Assets.xcassets in Resources */,
			);
			runOnlyForDeploymentPostprocessing = 0;
		};
/* End PBXResourcesBuildPhase section */

/* Begin PBXShellScriptBuildPhase section */
		03850CC3F0F1B384A738D3D3 /* [CP] Check Pods Manifest.lock */ = {
			isa = PBXShellScriptBuildPhase;
			buildActionMask = 2147483647;
			files = (
			);
			inputPaths = (
			);
			name = "[CP] Check Pods Manifest.lock";
			outputPaths = (
			);
			runOnlyForDeploymentPostprocessing = 0;
			shellPath = /bin/sh;
			shellScript = "diff \"${PODS_ROOT}/../Podfile.lock\" \"${PODS_ROOT}/Manifest.lock\" > /dev/null\nif [[ $? != 0 ]] ; then\n    cat << EOM\nerror: The sandbox is not in sync with the Podfile.lock. Run 'pod install' or update your CocoaPods installation.\nEOM\n    exit 1\nfi\n";
			showEnvVarsInLog = 0;
		};
		59D0434AD3D3C12507568E94 /* [CP] Copy Pods Resources */ = {
			isa = PBXShellScriptBuildPhase;
			buildActionMask = 2147483647;
			files = (
			);
			inputPaths = (
			);
			name = "[CP] Copy Pods Resources";
			outputPaths = (
			);
			runOnlyForDeploymentPostprocessing = 0;
			shellPath = /bin/sh;
			shellScript = "\"${SRCROOT}/Pods/Target Support Files/Pods-Login/Pods-Login-resources.sh\"\n";
			showEnvVarsInLog = 0;
		};
		674BA384465985542CFE6289 /* [CP] Embed Pods Frameworks */ = {
			isa = PBXShellScriptBuildPhase;
			buildActionMask = 2147483647;
			files = (
			);
			inputPaths = (
			);
			name = "[CP] Embed Pods Frameworks";
			outputPaths = (
			);
			runOnlyForDeploymentPostprocessing = 0;
			shellPath = /bin/sh;
			shellScript = "\"${SRCROOT}/Pods/Target Support Files/Pods-Login/Pods-Login-frameworks.sh\"\n";
			showEnvVarsInLog = 0;
		};
/* End PBXShellScriptBuildPhase section */

/* Begin PBXSourcesBuildPhase section */
		62CF27261D2AB3C50016198B /* Sources */ = {
			isa = PBXSourcesBuildPhase;
			buildActionMask = 2147483647;
			files = (
				62CF27491D2AE7C00016198B /* VerboseLoginViewController.swift in Sources */,
				62CF272E1D2AB3C50016198B /* AppDelegate.swift in Sources */,
				62CF27471D2AE44F0016198B /* LoginTextField.swift in Sources */,
			);
			runOnlyForDeploymentPostprocessing = 0;
		};
/* End PBXSourcesBuildPhase section */

/* Begin PBXVariantGroup section */
		62CF27361D2AB3C50016198B /* LaunchScreen.storyboard */ = {
			isa = PBXVariantGroup;
			children = (
				62CF27371D2AB3C50016198B /* Base */,
			);
			name = LaunchScreen.storyboard;
			path = .;
			sourceTree = "<group>";
		};
/* End PBXVariantGroup section */

/* Begin XCBuildConfiguration section */
		62CF273A1D2AB3C50016198B /* Debug */ = {
			isa = XCBuildConfiguration;
			buildSettings = {
				ALWAYS_SEARCH_USER_PATHS = NO;
				CLANG_ANALYZER_NONNULL = YES;
				CLANG_CXX_LANGUAGE_STANDARD = "gnu++0x";
				CLANG_CXX_LIBRARY = "libc++";
				CLANG_ENABLE_MODULES = YES;
				CLANG_ENABLE_OBJC_ARC = YES;
				CLANG_WARN_BOOL_CONVERSION = YES;
				CLANG_WARN_CONSTANT_CONVERSION = YES;
				CLANG_WARN_DIRECT_OBJC_ISA_USAGE = YES_ERROR;
				CLANG_WARN_EMPTY_BODY = YES;
				CLANG_WARN_ENUM_CONVERSION = YES;
				CLANG_WARN_INT_CONVERSION = YES;
				CLANG_WARN_OBJC_ROOT_CLASS = YES_ERROR;
				CLANG_WARN_UNREACHABLE_CODE = YES;
				CLANG_WARN__DUPLICATE_METHOD_MATCH = YES;
				"CODE_SIGN_IDENTITY[sdk=iphoneos*]" = "iPhone Developer";
				COPY_PHASE_STRIP = NO;
				DEBUG_INFORMATION_FORMAT = dwarf;
				ENABLE_STRICT_OBJC_MSGSEND = YES;
				ENABLE_TESTABILITY = YES;
				GCC_C_LANGUAGE_STANDARD = gnu99;
				GCC_DYNAMIC_NO_PIC = NO;
				GCC_NO_COMMON_BLOCKS = YES;
				GCC_OPTIMIZATION_LEVEL = 0;
				GCC_PREPROCESSOR_DEFINITIONS = (
					"DEBUG=1",
					"$(inherited)",
				);
				GCC_WARN_64_TO_32_BIT_CONVERSION = YES;
				GCC_WARN_ABOUT_RETURN_TYPE = YES_ERROR;
				GCC_WARN_UNDECLARED_SELECTOR = YES;
				GCC_WARN_UNINITIALIZED_AUTOS = YES_AGGRESSIVE;
				GCC_WARN_UNUSED_FUNCTION = YES;
				GCC_WARN_UNUSED_VARIABLE = YES;
				IPHONEOS_DEPLOYMENT_TARGET = 9.3;
				MTL_ENABLE_DEBUG_INFO = YES;
				ONLY_ACTIVE_ARCH = YES;
				SDKROOT = iphoneos;
				SWIFT_OPTIMIZATION_LEVEL = "-Onone";
				TARGETED_DEVICE_FAMILY = "1,2";
			};
			name = Debug;
		};
		62CF273B1D2AB3C50016198B /* Release */ = {
			isa = XCBuildConfiguration;
			buildSettings = {
				ALWAYS_SEARCH_USER_PATHS = NO;
				CLANG_ANALYZER_NONNULL = YES;
				CLANG_CXX_LANGUAGE_STANDARD = "gnu++0x";
				CLANG_CXX_LIBRARY = "libc++";
				CLANG_ENABLE_MODULES = YES;
				CLANG_ENABLE_OBJC_ARC = YES;
				CLANG_WARN_BOOL_CONVERSION = YES;
				CLANG_WARN_CONSTANT_CONVERSION = YES;
				CLANG_WARN_DIRECT_OBJC_ISA_USAGE = YES_ERROR;
				CLANG_WARN_EMPTY_BODY = YES;
				CLANG_WARN_ENUM_CONVERSION = YES;
				CLANG_WARN_INT_CONVERSION = YES;
				CLANG_WARN_OBJC_ROOT_CLASS = YES_ERROR;
				CLANG_WARN_UNREACHABLE_CODE = YES;
				CLANG_WARN__DUPLICATE_METHOD_MATCH = YES;
				"CODE_SIGN_IDENTITY[sdk=iphoneos*]" = "iPhone Developer";
				COPY_PHASE_STRIP = NO;
				DEBUG_INFORMATION_FORMAT = "dwarf-with-dsym";
				ENABLE_NS_ASSERTIONS = NO;
				ENABLE_STRICT_OBJC_MSGSEND = YES;
				GCC_C_LANGUAGE_STANDARD = gnu99;
				GCC_NO_COMMON_BLOCKS = YES;
				GCC_WARN_64_TO_32_BIT_CONVERSION = YES;
				GCC_WARN_ABOUT_RETURN_TYPE = YES_ERROR;
				GCC_WARN_UNDECLARED_SELECTOR = YES;
				GCC_WARN_UNINITIALIZED_AUTOS = YES_AGGRESSIVE;
				GCC_WARN_UNUSED_FUNCTION = YES;
				GCC_WARN_UNUSED_VARIABLE = YES;
				IPHONEOS_DEPLOYMENT_TARGET = 9.3;
				MTL_ENABLE_DEBUG_INFO = NO;
				SDKROOT = iphoneos;
				TARGETED_DEVICE_FAMILY = "1,2";
				VALIDATE_PRODUCT = YES;
			};
			name = Release;
		};
		62CF273D1D2AB3C50016198B /* Debug */ = {
			isa = XCBuildConfiguration;
			baseConfigurationReference = EB12ADDAABCF909D9F6332D6 /* Pods-Login.debug.xcconfig */;
			buildSettings = {
				ASSETCATALOG_COMPILER_APPICON_NAME = AppIcon;
				INFOPLIST_FILE = "Login/Supporting Files/Info.plist";
				LD_RUNPATH_SEARCH_PATHS = "$(inherited) @executable_path/Frameworks";
				PRODUCT_BUNDLE_IDENTIFIER = com.icapps.login;
				PRODUCT_NAME = "$(TARGET_NAME)";
			};
			name = Debug;
		};
		62CF273E1D2AB3C50016198B /* Release */ = {
			isa = XCBuildConfiguration;
			baseConfigurationReference = 8EA990D204F2042C163E79F0 /* Pods-Login.release.xcconfig */;
			buildSettings = {
				ASSETCATALOG_COMPILER_APPICON_NAME = AppIcon;
				INFOPLIST_FILE = "Login/Supporting Files/Info.plist";
				LD_RUNPATH_SEARCH_PATHS = "$(inherited) @executable_path/Frameworks";
				PRODUCT_BUNDLE_IDENTIFIER = com.icapps.login;
				PRODUCT_NAME = "$(TARGET_NAME)";
			};
			name = Release;
		};
/* End XCBuildConfiguration section */

/* Begin XCConfigurationList section */
		62CF27251D2AB3C50016198B /* Build configuration list for PBXProject "Login" */ = {
			isa = XCConfigurationList;
			buildConfigurations = (
				62CF273A1D2AB3C50016198B /* Debug */,
				62CF273B1D2AB3C50016198B /* Release */,
			);
			defaultConfigurationIsVisible = 0;
			defaultConfigurationName = Release;
		};
		62CF273C1D2AB3C50016198B /* Build configuration list for PBXNativeTarget "Login" */ = {
			isa = XCConfigurationList;
			buildConfigurations = (
				62CF273D1D2AB3C50016198B /* Debug */,
				62CF273E1D2AB3C50016198B /* Release */,
			);
			defaultConfigurationIsVisible = 0;
			defaultConfigurationName = Release;
		};
/* End XCConfigurationList section */
	};
	rootObject = 62CF27221D2AB3C50016198B /* Project object */;
}
